// !$*UTF8*$!
{
	archiveVersion = 1;
	classes = {
	};
	objectVersion = 77;
	objects = {

/* Begin PBXBuildFile section */
		7D06CFA02E17DF7B005C8DB0 /* Secrets.xcconfig in Resources */ = {isa = PBXBuildFile; fileRef = 7D06CF9E2E17DF6D005C8DB0 /* Secrets.xcconfig */; };
/* End PBXBuildFile section */

/* Begin PBXContainerItemProxy section */
		7D08A96D2DBC786D004E6C49 /* PBXContainerItemProxy */ = {
			isa = PBXContainerItemProxy;
			containerPortal = 7D08A9572DBC786A004E6C49 /* Project object */;
			proxyType = 1;
			remoteGlobalIDString = 7D08A95E2DBC786A004E6C49;
			remoteInfo = sampomaster;
		};
		7D08A9772DBC786D004E6C49 /* PBXContainerItemProxy */ = {
			isa = PBXContainerItemProxy;
			containerPortal = 7D08A9572DBC786A004E6C49 /* Project object */;
			proxyType = 1;
			remoteGlobalIDString = 7D08A95E2DBC786A004E6C49;
			remoteInfo = sampomaster;
		};
/* End PBXContainerItemProxy section */

/* Begin PBXFileReference section */
		7D06CF9E2E17DF6D005C8DB0 /* Secrets.xcconfig */ = {isa = PBXFileReference; lastKnownFileType = text.xcconfig; path = Secrets.xcconfig; sourceTree = "<group>"; };
		7D08A95F2DBC786A004E6C49 /* sampomaster.app */ = {isa = PBXFileReference; explicitFileType = wrapper.application; includeInIndex = 0; path = sampomaster.app; sourceTree = BUILT_PRODUCTS_DIR; };
		7D08A96C2DBC786D004E6C49 /* sampomasterTests.xctest */ = {isa = PBXFileReference; explicitFileType = wrapper.cfbundle; includeInIndex = 0; path = sampomasterTests.xctest; sourceTree = BUILT_PRODUCTS_DIR; };
		7D08A9762DBC786D004E6C49 /* sampomasterUITests.xctest */ = {isa = PBXFileReference; explicitFileType = wrapper.cfbundle; includeInIndex = 0; path = sampomasterUITests.xctest; sourceTree = BUILT_PRODUCTS_DIR; };
		7D08A98C2DBC78FC004E6C49 /* .gitignore */ = {isa = PBXFileReference; lastKnownFileType = text; path = .gitignore; sourceTree = "<group>"; };
		7D08A98E2DBC7993004E6C49 /* README.md */ = {isa = PBXFileReference; lastKnownFileType = net.daringfireball.markdown; path = README.md; sourceTree = "<group>"; };
		7D08A9912DBC96C7004E6C49 /* Info.plist */ = {isa = PBXFileReference; lastKnownFileType = text.plist.xml; path = Info.plist; sourceTree = "<group>"; };
/* End PBXFileReference section */

/* Begin PBXFileSystemSynchronizedRootGroup section */
		7D08A9612DBC786A004E6C49 /* sampomaster */ = {
			isa = PBXFileSystemSynchronizedRootGroup;
			path = sampomaster;
			sourceTree = "<group>";
		};
		7D08A96F2DBC786D004E6C49 /* sampomasterTests */ = {
			isa = PBXFileSystemSynchronizedRootGroup;
			path = sampomasterTests;
			sourceTree = "<group>";
		};
		7D08A9792DBC786D004E6C49 /* sampomasterUITests */ = {
			isa = PBXFileSystemSynchronizedRootGroup;
			path = sampomasterUITests;
			sourceTree = "<group>";
		};
/* End PBXFileSystemSynchronizedRootGroup section */

/* Begin PBXFrameworksBuildPhase section */
		7D08A95C2DBC786A004E6C49 /* Frameworks */ = {
			isa = PBXFrameworksBuildPhase;
			buildActionMask = 2147483647;
			files = (
			);
			runOnlyForDeploymentPostprocessing = 0;
		};
		7D08A9692DBC786D004E6C49 /* Frameworks */ = {
			isa = PBXFrameworksBuildPhase;
			buildActionMask = 2147483647;
			files = (
			);
			runOnlyForDeploymentPostprocessing = 0;
		};
		7D08A9732DBC786D004E6C49 /* Frameworks */ = {
			isa = PBXFrameworksBuildPhase;
			buildActionMask = 2147483647;
			files = (
			);
			runOnlyForDeploymentPostprocessing = 0;
		};
/* End PBXFrameworksBuildPhase section */

/* Begin PBXGroup section */
		7D08A9562DBC786A004E6C49 = {
			isa = PBXGroup;
			children = (
				7D08A9912DBC96C7004E6C49 /* Info.plist */,
				7D08A98E2DBC7993004E6C49 /* README.md */,
				7D08A98C2DBC78FC004E6C49 /* .gitignore */,
				7D06CF9E2E17DF6D005C8DB0 /* Secrets.xcconfig */,
				7D08A9612DBC786A004E6C49 /* sampomaster */,
				7D08A96F2DBC786D004E6C49 /* sampomasterTests */,
				7D08A9792DBC786D004E6C49 /* sampomasterUITests */,
				7D08A9602DBC786A004E6C49 /* Products */,
			);
			sourceTree = "<group>";
		};
		7D08A9602DBC786A004E6C49 /* Products */ = {
			isa = PBXGroup;
			children = (
				7D08A95F2DBC786A004E6C49 /* sampomaster.app */,
				7D08A96C2DBC786D004E6C49 /* sampomasterTests.xctest */,
				7D08A9762DBC786D004E6C49 /* sampomasterUITests.xctest */,
			);
			name = Products;
			sourceTree = "<group>";
		};
/* End PBXGroup section */

/* Begin PBXNativeTarget section */
		7D08A95E2DBC786A004E6C49 /* sampomaster */ = {
			isa = PBXNativeTarget;
			buildConfigurationList = 7D08A9802DBC786D004E6C49 /* Build configuration list for PBXNativeTarget "sampomaster" */;
			buildPhases = (
				7D08A95B2DBC786A004E6C49 /* Sources */,
				7D08A95C2DBC786A004E6C49 /* Frameworks */,
				7D08A95D2DBC786A004E6C49 /* Resources */,
			);
			buildRules = (
			);
			dependencies = (
			);
			fileSystemSynchronizedGroups = (
				7D08A9612DBC786A004E6C49 /* sampomaster */,
			);
			name = sampomaster;
			packageProductDependencies = (
			);
			productName = sampomaster;
			productReference = 7D08A95F2DBC786A004E6C49 /* sampomaster.app */;
			productType = "com.apple.product-type.application";
		};
		7D08A96B2DBC786D004E6C49 /* sampomasterTests */ = {
			isa = PBXNativeTarget;
			buildConfigurationList = 7D08A9832DBC786D004E6C49 /* Build configuration list for PBXNativeTarget "sampomasterTests" */;
			buildPhases = (
				7D08A9682DBC786D004E6C49 /* Sources */,
				7D08A9692DBC786D004E6C49 /* Frameworks */,
				7D08A96A2DBC786D004E6C49 /* Resources */,
			);
			buildRules = (
			);
			dependencies = (
				7D08A96E2DBC786D004E6C49 /* PBXTargetDependency */,
			);
			fileSystemSynchronizedGroups = (
				7D08A96F2DBC786D004E6C49 /* sampomasterTests */,
			);
			name = sampomasterTests;
			packageProductDependencies = (
			);
			productName = sampomasterTests;
			productReference = 7D08A96C2DBC786D004E6C49 /* sampomasterTests.xctest */;
			productType = "com.apple.product-type.bundle.unit-test";
		};
		7D08A9752DBC786D004E6C49 /* sampomasterUITests */ = {
			isa = PBXNativeTarget;
			buildConfigurationList = 7D08A9862DBC786D004E6C49 /* Build configuration list for PBXNativeTarget "sampomasterUITests" */;
			buildPhases = (
				7D08A9722DBC786D004E6C49 /* Sources */,
				7D08A9732DBC786D004E6C49 /* Frameworks */,
				7D08A9742DBC786D004E6C49 /* Resources */,
			);
			buildRules = (
			);
			dependencies = (
				7D08A9782DBC786D004E6C49 /* PBXTargetDependency */,
			);
			fileSystemSynchronizedGroups = (
				7D08A9792DBC786D004E6C49 /* sampomasterUITests */,
			);
			name = sampomasterUITests;
			packageProductDependencies = (
			);
			productName = sampomasterUITests;
			productReference = 7D08A9762DBC786D004E6C49 /* sampomasterUITests.xctest */;
			productType = "com.apple.product-type.bundle.ui-testing";
		};
/* End PBXNativeTarget section */

/* Begin PBXProject section */
		7D08A9572DBC786A004E6C49 /* Project object */ = {
			isa = PBXProject;
			attributes = {
				BuildIndependentTargetsInParallel = 1;
				LastSwiftUpdateCheck = 1630;
				LastUpgradeCheck = 1630;
				TargetAttributes = {
					7D08A95E2DBC786A004E6C49 = {
						CreatedOnToolsVersion = 16.3;
					};
					7D08A96B2DBC786D004E6C49 = {
						CreatedOnToolsVersion = 16.3;
						TestTargetID = 7D08A95E2DBC786A004E6C49;
					};
					7D08A9752DBC786D004E6C49 = {
						CreatedOnToolsVersion = 16.3;
						TestTargetID = 7D08A95E2DBC786A004E6C49;
					};
				};
			};
			buildConfigurationList = 7D08A95A2DBC786A004E6C49 /* Build configuration list for PBXProject "sampomaster" */;
			developmentRegion = en;
			hasScannedForEncodings = 0;
			knownRegions = (
				en,
				Base,
			);
			mainGroup = 7D08A9562DBC786A004E6C49;
			minimizedProjectReferenceProxies = 1;
			preferredProjectObjectVersion = 77;
			productRefGroup = 7D08A9602DBC786A004E6C49 /* Products */;
			projectDirPath = "";
			projectRoot = "";
			targets = (
				7D08A95E2DBC786A004E6C49 /* sampomaster */,
				7D08A96B2DBC786D004E6C49 /* sampomasterTests */,
				7D08A9752DBC786D004E6C49 /* sampomasterUITests */,
			);
		};
/* End PBXProject section */

/* Begin PBXResourcesBuildPhase section */
		7D08A95D2DBC786A004E6C49 /* Resources */ = {
			isa = PBXResourcesBuildPhase;
			buildActionMask = 2147483647;
			files = (
				7D06CFA02E17DF7B005C8DB0 /* Secrets.xcconfig in Resources */,
			);
			runOnlyForDeploymentPostprocessing = 0;
		};
		7D08A96A2DBC786D004E6C49 /* Resources */ = {
			isa = PBXResourcesBuildPhase;
			buildActionMask = 2147483647;
			files = (
			);
			runOnlyForDeploymentPostprocessing = 0;
		};
		7D08A9742DBC786D004E6C49 /* Resources */ = {
			isa = PBXResourcesBuildPhase;
			buildActionMask = 2147483647;
			files = (
			);
			runOnlyForDeploymentPostprocessing = 0;
		};
/* End PBXResourcesBuildPhase section */

/* Begin PBXSourcesBuildPhase section */
		7D08A95B2DBC786A004E6C49 /* Sources */ = {
			isa = PBXSourcesBuildPhase;
			buildActionMask = 2147483647;
			files = (
			);
			runOnlyForDeploymentPostprocessing = 0;
		};
		7D08A9682DBC786D004E6C49 /* Sources */ = {
			isa = PBXSourcesBuildPhase;
			buildActionMask = 2147483647;
			files = (
			);
			runOnlyForDeploymentPostprocessing = 0;
		};
		7D08A9722DBC786D004E6C49 /* Sources */ = {
			isa = PBXSourcesBuildPhase;
			buildActionMask = 2147483647;
			files = (
			);
			runOnlyForDeploymentPostprocessing = 0;
		};
/* End PBXSourcesBuildPhase section */

/* Begin PBXTargetDependency section */
		7D08A96E2DBC786D004E6C49 /* PBXTargetDependency */ = {
			isa = PBXTargetDependency;
			target = 7D08A95E2DBC786A004E6C49 /* sampomaster */;
			targetProxy = 7D08A96D2DBC786D004E6C49 /* PBXContainerItemProxy */;
		};
		7D08A9782DBC786D004E6C49 /* PBXTargetDependency */ = {
			isa = PBXTargetDependency;
			target = 7D08A95E2DBC786A004E6C49 /* sampomaster */;
			targetProxy = 7D08A9772DBC786D004E6C49 /* PBXContainerItemProxy */;
		};
/* End PBXTargetDependency section */

/* Begin XCBuildConfiguration section */
		7D08A97E2DBC786D004E6C49 /* Debug */ = {
			isa = XCBuildConfiguration;
			baseConfigurationReference = 7D06CF9E2E17DF6D005C8DB0 /* Secrets.xcconfig */;
			buildSettings = {
				ALWAYS_SEARCH_USER_PATHS = NO;
				ASSETCATALOG_COMPILER_GENERATE_SWIFT_ASSET_SYMBOL_EXTENSIONS = YES;
				CLANG_ANALYZER_NONNULL = YES;
				CLANG_ANALYZER_NUMBER_OBJECT_CONVERSION = YES_AGGRESSIVE;
				CLANG_CXX_LANGUAGE_STANDARD = "gnu++20";
				CLANG_ENABLE_MODULES = YES;
				CLANG_ENABLE_OBJC_ARC = YES;
				CLANG_ENABLE_OBJC_WEAK = YES;
				CLANG_WARN_BLOCK_CAPTURE_AUTORELEASING = YES;
				CLANG_WARN_BOOL_CONVERSION = YES;
				CLANG_WARN_COMMA = YES;
				CLANG_WARN_CONSTANT_CONVERSION = YES;
				CLANG_WARN_DEPRECATED_OBJC_IMPLEMENTATIONS = YES;
				CLANG_WARN_DIRECT_OBJC_ISA_USAGE = YES_ERROR;
				CLANG_WARN_DOCUMENTATION_COMMENTS = YES;
				CLANG_WARN_EMPTY_BODY = YES;
				CLANG_WARN_ENUM_CONVERSION = YES;
				CLANG_WARN_INFINITE_RECURSION = YES;
				CLANG_WARN_INT_CONVERSION = YES;
				CLANG_WARN_NON_LITERAL_NULL_CONVERSION = YES;
				CLANG_WARN_OBJC_IMPLICIT_RETAIN_SELF = YES;
				CLANG_WARN_OBJC_LITERAL_CONVERSION = YES;
				CLANG_WARN_OBJC_ROOT_CLASS = YES_ERROR;
				CLANG_WARN_QUOTED_INCLUDE_IN_FRAMEWORK_HEADER = YES;
				CLANG_WARN_RANGE_LOOP_ANALYSIS = YES;
				CLANG_WARN_STRICT_PROTOTYPES = YES;
				CLANG_WARN_SUSPICIOUS_MOVE = YES;
				CLANG_WARN_UNGUARDED_AVAILABILITY = YES_AGGRESSIVE;
				CLANG_WARN_UNREACHABLE_CODE = YES;
				CLANG_WARN__DUPLICATE_METHOD_MATCH = YES;
				COPY_PHASE_STRIP = NO;
				DEBUG_INFORMATION_FORMAT = dwarf;
				ENABLE_STRICT_OBJC_MSGSEND = YES;
				ENABLE_TESTABILITY = YES;
				ENABLE_USER_SCRIPT_SANDBOXING = YES;
				GCC_C_LANGUAGE_STANDARD = gnu17;
				GCC_DYNAMIC_NO_PIC = NO;
				GCC_NO_COMMON_BLOCKS = YES;
				GCC_OPTIMIZATION_LEVEL = 0;
				GCC_PREPROCESSOR_DEFINITIONS = (
					"DEBUG=1",
					"$(inherited)",
				);
				GCC_WARN_64_TO_32_BIT_CONVERSION = YES;
				GCC_WARN_ABOUT_RETURN_TYPE = YES_ERROR;
				GCC_WARN_UNDECLARED_SELECTOR = YES;
				GCC_WARN_UNINITIALIZED_AUTOS = YES_AGGRESSIVE;
				GCC_WARN_UNUSED_FUNCTION = YES;
				GCC_WARN_UNUSED_VARIABLE = YES;
				INFOPLIST_FILE = Info.plist;
				IPHONEOS_DEPLOYMENT_TARGET = 18.4;
				LOCALIZATION_PREFERS_STRING_CATALOGS = YES;
				MTL_ENABLE_DEBUG_INFO = INCLUDE_SOURCE;
				MTL_FAST_MATH = YES;
				ONLY_ACTIVE_ARCH = YES;
				SDKROOT = iphoneos;
				SWIFT_ACTIVE_COMPILATION_CONDITIONS = "DEBUG $(inherited)";
				SWIFT_OPTIMIZATION_LEVEL = "-Onone";
			};
			name = Debug;
		};
		7D08A97F2DBC786D004E6C49 /* Release */ = {
			isa = XCBuildConfiguration;
			baseConfigurationReference = 7D06CF9E2E17DF6D005C8DB0 /* Secrets.xcconfig */;
			buildSettings = {
				ALWAYS_SEARCH_USER_PATHS = NO;
				ASSETCATALOG_COMPILER_GENERATE_SWIFT_ASSET_SYMBOL_EXTENSIONS = YES;
				CLANG_ANALYZER_NONNULL = YES;
				CLANG_ANALYZER_NUMBER_OBJECT_CONVERSION = YES_AGGRESSIVE;
				CLANG_CXX_LANGUAGE_STANDARD = "gnu++20";
				CLANG_ENABLE_MODULES = YES;
				CLANG_ENABLE_OBJC_ARC = YES;
				CLANG_ENABLE_OBJC_WEAK = YES;
				CLANG_WARN_BLOCK_CAPTURE_AUTORELEASING = YES;
				CLANG_WARN_BOOL_CONVERSION = YES;
				CLANG_WARN_COMMA = YES;
				CLANG_WARN_CONSTANT_CONVERSION = YES;
				CLANG_WARN_DEPRECATED_OBJC_IMPLEMENTATIONS = YES;
				CLANG_WARN_DIRECT_OBJC_ISA_USAGE = YES_ERROR;
				CLANG_WARN_DOCUMENTATION_COMMENTS = YES;
				CLANG_WARN_EMPTY_BODY = YES;
				CLANG_WARN_ENUM_CONVERSION = YES;
				CLANG_WARN_INFINITE_RECURSION = YES;
				CLANG_WARN_INT_CONVERSION = YES;
				CLANG_WARN_NON_LITERAL_NULL_CONVERSION = YES;
				CLANG_WARN_OBJC_IMPLICIT_RETAIN_SELF = YES;
				CLANG_WARN_OBJC_LITERAL_CONVERSION = YES;
				CLANG_WARN_OBJC_ROOT_CLASS = YES_ERROR;
				CLANG_WARN_QUOTED_INCLUDE_IN_FRAMEWORK_HEADER = YES;
				CLANG_WARN_RANGE_LOOP_ANALYSIS = YES;
				CLANG_WARN_STRICT_PROTOTYPES = YES;
				CLANG_WARN_SUSPICIOUS_MOVE = YES;
				CLANG_WARN_UNGUARDED_AVAILABILITY = YES_AGGRESSIVE;
				CLANG_WARN_UNREACHABLE_CODE = YES;
				CLANG_WARN__DUPLICATE_METHOD_MATCH = YES;
				COPY_PHASE_STRIP = NO;
				DEBUG_INFORMATION_FORMAT = "dwarf-with-dsym";
				ENABLE_NS_ASSERTIONS = NO;
				ENABLE_STRICT_OBJC_MSGSEND = YES;
				ENABLE_USER_SCRIPT_SANDBOXING = YES;
				GCC_C_LANGUAGE_STANDARD = gnu17;
				GCC_NO_COMMON_BLOCKS = YES;
				GCC_WARN_64_TO_32_BIT_CONVERSION = YES;
				GCC_WARN_ABOUT_RETURN_TYPE = YES_ERROR;
				GCC_WARN_UNDECLARED_SELECTOR = YES;
				GCC_WARN_UNINITIALIZED_AUTOS = YES_AGGRESSIVE;
				GCC_WARN_UNUSED_FUNCTION = YES;
				GCC_WARN_UNUSED_VARIABLE = YES;
				INFOPLIST_FILE = Info.plist;
				IPHONEOS_DEPLOYMENT_TARGET = 18.4;
				LOCALIZATION_PREFERS_STRING_CATALOGS = YES;
				MTL_ENABLE_DEBUG_INFO = NO;
				MTL_FAST_MATH = YES;
				SDKROOT = iphoneos;
				SWIFT_COMPILATION_MODE = wholemodule;
				VALIDATE_PRODUCT = YES;
			};
			name = Release;
		};
		7D08A9812DBC786D004E6C49 /* Debug */ = {
			isa = XCBuildConfiguration;
			buildSettings = {
				ASSETCATALOG_COMPILER_APPICON_NAME = AppIcon;
				ASSETCATALOG_COMPILER_GLOBAL_ACCENT_COLOR_NAME = AccentColor;
				CODE_SIGN_ENTITLEMENTS = sampomaster/sampomaster.entitlements;
				CODE_SIGN_STYLE = Automatic;
				CURRENT_PROJECT_VERSION = 1;
				DEVELOPMENT_TEAM = U7B985TU7W;
				ENABLE_PREVIEWS = YES;
				GENERATE_INFOPLIST_FILE = YES;
				INFOPLIST_KEY_CFBundleDisplayName = "サンポマスター";
				INFOPLIST_KEY_NSHealthShareUsageDescription = "このアプリはあなたの歩数データを取得します。";
				INFOPLIST_KEY_NSHealthUpdateUsageDescription = "このアプリはあなたの歩数データを取得します。";
				INFOPLIST_KEY_UIApplicationSceneManifest_Generation = YES;
				INFOPLIST_KEY_UIApplicationSupportsIndirectInputEvents = YES;
				INFOPLIST_KEY_UILaunchScreen_Generation = YES;
				INFOPLIST_KEY_UISupportedInterfaceOrientations_iPad = "UIInterfaceOrientationPortrait UIInterfaceOrientationPortraitUpsideDown UIInterfaceOrientationLandscapeLeft UIInterfaceOrientationLandscapeRight";
				INFOPLIST_KEY_UISupportedInterfaceOrientations_iPhone = "UIInterfaceOrientationPortrait UIInterfaceOrientationLandscapeLeft UIInterfaceOrientationLandscapeRight";
				IPHONEOS_DEPLOYMENT_TARGET = 18.0;
				LD_RUNPATH_SEARCH_PATHS = (
					"$(inherited)",
					"@executable_path/Frameworks",
				);
				MARKETING_VERSION = 1.0;
				PRODUCT_BUNDLE_IDENTIFIER = com.keisuke71.sampomaster;
				PRODUCT_NAME = "$(TARGET_NAME)";
				SWIFT_EMIT_LOC_STRINGS = YES;
				SWIFT_VERSION = 5.0;
				TARGETED_DEVICE_FAMILY = "1,2";
			};
			name = Debug;
		};
		7D08A9822DBC786D004E6C49 /* Release */ = {
			isa = XCBuildConfiguration;
			buildSettings = {
				ASSETCATALOG_COMPILER_APPICON_NAME = AppIcon;
				ASSETCATALOG_COMPILER_GLOBAL_ACCENT_COLOR_NAME = AccentColor;
				CODE_SIGN_ENTITLEMENTS = sampomaster/sampomaster.entitlements;
				CODE_SIGN_STYLE = Automatic;
				CURRENT_PROJECT_VERSION = 1;
				DEVELOPMENT_TEAM = U7B985TU7W;
				ENABLE_PREVIEWS = YES;
				GENERATE_INFOPLIST_FILE = YES;
				INFOPLIST_KEY_CFBundleDisplayName = "サンポマスター";
				INFOPLIST_KEY_NSHealthShareUsageDescription = "このアプリはあなたの歩数データを取得します。";
				INFOPLIST_KEY_NSHealthUpdateUsageDescription = "このアプリはあなたの歩数データを取得します。";
				INFOPLIST_KEY_UIApplicationSceneManifest_Generation = YES;
				INFOPLIST_KEY_UIApplicationSupportsIndirectInputEvents = YES;
				INFOPLIST_KEY_UILaunchScreen_Generation = YES;
				INFOPLIST_KEY_UISupportedInterfaceOrientations_iPad = "UIInterfaceOrientationPortrait UIInterfaceOrientationPortraitUpsideDown UIInterfaceOrientationLandscapeLeft UIInterfaceOrientationLandscapeRight";
				INFOPLIST_KEY_UISupportedInterfaceOrientations_iPhone = "UIInterfaceOrientationPortrait UIInterfaceOrientationLandscapeLeft UIInterfaceOrientationLandscapeRight";
				IPHONEOS_DEPLOYMENT_TARGET = 18.0;
				LD_RUNPATH_SEARCH_PATHS = (
					"$(inherited)",
					"@executable_path/Frameworks",
				);
				MARKETING_VERSION = 1.0;
				PRODUCT_BUNDLE_IDENTIFIER = com.keisuke71.sampomaster;
				PRODUCT_NAME = "$(TARGET_NAME)";
				SWIFT_EMIT_LOC_STRINGS = YES;
				SWIFT_VERSION = 5.0;
				TARGETED_DEVICE_FAMILY = "1,2";
			};
			name = Release;
		};
		7D08A9842DBC786D004E6C49 /* Debug */ = {
			isa = XCBuildConfiguration;
			buildSettings = {
				BUNDLE_LOADER = "$(TEST_HOST)";
				CODE_SIGN_STYLE = Automatic;
				CURRENT_PROJECT_VERSION = 1;
				GENERATE_INFOPLIST_FILE = YES;
				IPHONEOS_DEPLOYMENT_TARGET = 18.4;
				MARKETING_VERSION = 1.0;
				PRODUCT_BUNDLE_IDENTIFIER = com.example.sampomasterTests;
				PRODUCT_NAME = "$(TARGET_NAME)";
				SWIFT_EMIT_LOC_STRINGS = NO;
				SWIFT_VERSION = 5.0;
				TARGETED_DEVICE_FAMILY = "1,2";
				TEST_HOST = "$(BUILT_PRODUCTS_DIR)/sampomaster.app/$(BUNDLE_EXECUTABLE_FOLDER_PATH)/sampomaster";
			};
			name = Debug;
		};
		7D08A9852DBC786D004E6C49 /* Release */ = {
			isa = XCBuildConfiguration;
			buildSettings = {
				BUNDLE_LOADER = "$(TEST_HOST)";
				CODE_SIGN_STYLE = Automatic;
				CURRENT_PROJECT_VERSION = 1;
				GENERATE_INFOPLIST_FILE = YES;
				IPHONEOS_DEPLOYMENT_TARGET = 18.4;
				MARKETING_VERSION = 1.0;
				PRODUCT_BUNDLE_IDENTIFIER = com.example.sampomasterTests;
				PRODUCT_NAME = "$(TARGET_NAME)";
				SWIFT_EMIT_LOC_STRINGS = NO;
				SWIFT_VERSION = 5.0;
				TARGETED_DEVICE_FAMILY = "1,2";
				TEST_HOST = "$(BUILT_PRODUCTS_DIR)/sampomaster.app/$(BUNDLE_EXECUTABLE_FOLDER_PATH)/sampomaster";
			};
			name = Release;
		};
		7D08A9872DBC786D004E6C49 /* Debug */ = {
			isa = XCBuildConfiguration;
			buildSettings = {
				CODE_SIGN_STYLE = Automatic;
				CURRENT_PROJECT_VERSION = 1;
				GENERATE_INFOPLIST_FILE = YES;
				MARKETING_VERSION = 1.0;
				PRODUCT_BUNDLE_IDENTIFIER = com.example.sampomasterUITests;
				PRODUCT_NAME = "$(TARGET_NAME)";
				SWIFT_EMIT_LOC_STRINGS = NO;
				SWIFT_VERSION = 5.0;
				TARGETED_DEVICE_FAMILY = "1,2";
				TEST_TARGET_NAME = sampomaster;
			};
			name = Debug;
		};
		7D08A9882DBC786D004E6C49 /* Release */ = {
			isa = XCBuildConfiguration;
			buildSettings = {
				CODE_SIGN_STYLE = Automatic;
				CURRENT_PROJECT_VERSION = 1;
				GENERATE_INFOPLIST_FILE = YES;
				MARKETING_VERSION = 1.0;
				PRODUCT_BUNDLE_IDENTIFIER = com.example.sampomasterUITests;
				PRODUCT_NAME = "$(TARGET_NAME)";
				SWIFT_EMIT_LOC_STRINGS = NO;
				SWIFT_VERSION = 5.0;
				TARGETED_DEVICE_FAMILY = "1,2";
				TEST_TARGET_NAME = sampomaster;
			};
			name = Release;
		};
/* End XCBuildConfiguration section */

/* Begin XCConfigurationList section */
		7D08A95A2DBC786A004E6C49 /* Build configuration list for PBXProject "sampomaster" */ = {
			isa = XCConfigurationList;
			buildConfigurations = (
				7D08A97E2DBC786D004E6C49 /* Debug */,
				7D08A97F2DBC786D004E6C49 /* Release */,
			);
			defaultConfigurationIsVisible = 0;
			defaultConfigurationName = Release;
		};
		7D08A9802DBC786D004E6C49 /* Build configuration list for PBXNativeTarget "sampomaster" */ = {
			isa = XCConfigurationList;
			buildConfigurations = (
				7D08A9812DBC786D004E6C49 /* Debug */,
				7D08A9822DBC786D004E6C49 /* Release */,
			);
			defaultConfigurationIsVisible = 0;
			defaultConfigurationName = Release;
		};
		7D08A9832DBC786D004E6C49 /* Build configuration list for PBXNativeTarget "sampomasterTests" */ = {
			isa = XCConfigurationList;
			buildConfigurations = (
				7D08A9842DBC786D004E6C49 /* Debug */,
				7D08A9852DBC786D004E6C49 /* Release */,
			);
			defaultConfigurationIsVisible = 0;
			defaultConfigurationName = Release;
		};
		7D08A9862DBC786D004E6C49 /* Build configuration list for PBXNativeTarget "sampomasterUITests" */ = {
			isa = XCConfigurationList;
			buildConfigurations = (
				7D08A9872DBC786D004E6C49 /* Debug */,
				7D08A9882DBC786D004E6C49 /* Release */,
			);
			defaultConfigurationIsVisible = 0;
			defaultConfigurationName = Release;
		};
/* End XCConfigurationList section */
	};
	rootObject = 7D08A9572DBC786A004E6C49 /* Project object */;
}
