// !$*UTF8*$!
{
	archiveVersion = 1;
	classes = {
	};
	objectVersion = 77;
	objects = {

/* Begin PBXContainerItemProxy section */
		7D3C17042EF7F087000D2D19 /* PBXContainerItemProxy */ = {
			isa = PBXContainerItemProxy;
			containerPortal = 7D3C16EC2EF7F085000D2D19 /* Project object */;
			proxyType = 1;
			remoteGlobalIDString = 7D3C16F32EF7F085000D2D19;
			remoteInfo = SampoMaster;
		};
		7D3C170E2EF7F087000D2D19 /* PBXContainerItemProxy */ = {
			isa = PBXContainerItemProxy;
			containerPortal = 7D3C16EC2EF7F085000D2D19 /* Project object */;
			proxyType = 1;
			remoteGlobalIDString = 7D3C16F32EF7F085000D2D19;
			remoteInfo = SampoMaster;
		};
/* End PBXContainerItemProxy section */

/* Begin PBXFileReference section */
		7D3C16F42EF7F085000D2D19 /* SampoMaster.app */ = {isa = PBXFileReference; explicitFileType = wrapper.application; includeInIndex = 0; path = SampoMaster.app; sourceTree = BUILT_PRODUCTS_DIR; };
		7D3C17032EF7F087000D2D19 /* SampoMasterTests.xctest */ = {isa = PBXFileReference; explicitFileType = wrapper.cfbundle; includeInIndex = 0; path = SampoMasterTests.xctest; sourceTree = BUILT_PRODUCTS_DIR; };
		7D3C170D2EF7F087000D2D19 /* SampoMasterUITests.xctest */ = {isa = PBXFileReference; explicitFileType = wrapper.cfbundle; includeInIndex = 0; path = SampoMasterUITests.xctest; sourceTree = BUILT_PRODUCTS_DIR; };
/* End PBXFileReference section */

/* Begin PBXFileSystemSynchronizedBuildFileExceptionSet section */
		7D3C17222EF80AD6000D2D19 /* Exceptions for "SampoMaster" folder in "SampoMaster" target */ = {
			isa = PBXFileSystemSynchronizedBuildFileExceptionSet;
			membershipExceptions = (
				Info.plist,
			);
			target = 7D3C16F32EF7F085000D2D19 /* SampoMaster */;
		};
/* End PBXFileSystemSynchronizedBuildFileExceptionSet section */

/* Begin PBXFileSystemSynchronizedRootGroup section */
		7D3C16F62EF7F085000D2D19 /* SampoMaster */ = {
			isa = PBXFileSystemSynchronizedRootGroup;
			exceptions = (
				7D3C17222EF80AD6000D2D19 /* Exceptions for "SampoMaster" folder in "SampoMaster" target */,
			);
			path = SampoMaster;
			sourceTree = "<group>";
		};
		7D3C17062EF7F087000D2D19 /* SampoMasterTests */ = {
			isa = PBXFileSystemSynchronizedRootGroup;
			path = SampoMasterTests;
			sourceTree = "<group>";
		};
		7D3C17102EF7F087000D2D19 /* SampoMasterUITests */ = {
			isa = PBXFileSystemSynchronizedRootGroup;
			path = SampoMasterUITests;
			sourceTree = "<group>";
		};
/* End PBXFileSystemSynchronizedRootGroup section */

/* Begin PBXFrameworksBuildPhase section */
		7D3C16F12EF7F085000D2D19 /* Frameworks */ = {
			isa = PBXFrameworksBuildPhase;
			buildActionMask = 2147483647;
			files = (
			);
			runOnlyForDeploymentPostprocessing = 0;
		};
		7D3C17002EF7F087000D2D19 /* Frameworks */ = {
			isa = PBXFrameworksBuildPhase;
			buildActionMask = 2147483647;
			files = (
			);
			runOnlyForDeploymentPostprocessing = 0;
		};
		7D3C170A2EF7F087000D2D19 /* Frameworks */ = {
			isa = PBXFrameworksBuildPhase;
			buildActionMask = 2147483647;
			files = (
			);
			runOnlyForDeploymentPostprocessing = 0;
		};
/* End PBXFrameworksBuildPhase section */

/* Begin PBXGroup section */
		7D3C16EB2EF7F085000D2D19 = {
			isa = PBXGroup;
			children = (
				7D3C16F62EF7F085000D2D19 /* SampoMaster */,
				7D3C17062EF7F087000D2D19 /* SampoMasterTests */,
				7D3C17102EF7F087000D2D19 /* SampoMasterUITests */,
				7D3C16F52EF7F085000D2D19 /* Products */,
			);
			sourceTree = "<group>";
		};
		7D3C16F52EF7F085000D2D19 /* Products */ = {
			isa = PBXGroup;
			children = (
				7D3C16F42EF7F085000D2D19 /* SampoMaster.app */,
				7D3C17032EF7F087000D2D19 /* SampoMasterTests.xctest */,
				7D3C170D2EF7F087000D2D19 /* SampoMasterUITests.xctest */,
			);
			name = Products;
			sourceTree = "<group>";
		};
/* End PBXGroup section */

/* Begin PBXNativeTarget section */
		7D3C16F32EF7F085000D2D19 /* SampoMaster */ = {
			isa = PBXNativeTarget;
			buildConfigurationList = 7D3C17172EF7F087000D2D19 /* Build configuration list for PBXNativeTarget "SampoMaster" */;
			buildPhases = (
				7D3C16F02EF7F085000D2D19 /* Sources */,
				7D3C16F12EF7F085000D2D19 /* Frameworks */,
				7D3C16F22EF7F085000D2D19 /* Resources */,
			);
			buildRules = (
			);
			dependencies = (
			);
			fileSystemSynchronizedGroups = (
				7D3C16F62EF7F085000D2D19 /* SampoMaster */,
			);
			name = SampoMaster;
			packageProductDependencies = (
			);
			productName = SampoMaster;
			productReference = 7D3C16F42EF7F085000D2D19 /* SampoMaster.app */;
			productType = "com.apple.product-type.application";
		};
		7D3C17022EF7F087000D2D19 /* SampoMasterTests */ = {
			isa = PBXNativeTarget;
			buildConfigurationList = 7D3C171A2EF7F087000D2D19 /* Build configuration list for PBXNativeTarget "SampoMasterTests" */;
			buildPhases = (
				7D3C16FF2EF7F087000D2D19 /* Sources */,
				7D3C17002EF7F087000D2D19 /* Frameworks */,
				7D3C17012EF7F087000D2D19 /* Resources */,
			);
			buildRules = (
			);
			dependencies = (
				7D3C17052EF7F087000D2D19 /* PBXTargetDependency */,
			);
			fileSystemSynchronizedGroups = (
				7D3C17062EF7F087000D2D19 /* SampoMasterTests */,
			);
			name = SampoMasterTests;
			packageProductDependencies = (
			);
			productName = SampoMasterTests;
			productReference = 7D3C17032EF7F087000D2D19 /* SampoMasterTests.xctest */;
			productType = "com.apple.product-type.bundle.unit-test";
		};
		7D3C170C2EF7F087000D2D19 /* SampoMasterUITests */ = {
			isa = PBXNativeTarget;
			buildConfigurationList = 7D3C171D2EF7F087000D2D19 /* Build configuration list for PBXNativeTarget "SampoMasterUITests" */;
			buildPhases = (
				7D3C17092EF7F087000D2D19 /* Sources */,
				7D3C170A2EF7F087000D2D19 /* Frameworks */,
				7D3C170B2EF7F087000D2D19 /* Resources */,
			);
			buildRules = (
			);
			dependencies = (
				7D3C170F2EF7F087000D2D19 /* PBXTargetDependency */,
			);
			fileSystemSynchronizedGroups = (
				7D3C17102EF7F087000D2D19 /* SampoMasterUITests */,
			);
			name = SampoMasterUITests;
			packageProductDependencies = (
			);
			productName = SampoMasterUITests;
			productReference = 7D3C170D2EF7F087000D2D19 /* SampoMasterUITests.xctest */;
			productType = "com.apple.product-type.bundle.ui-testing";
		};
/* End PBXNativeTarget section */

/* Begin PBXProject section */
		7D3C16EC2EF7F085000D2D19 /* Project object */ = {
			isa = PBXProject;
			attributes = {
				BuildIndependentTargetsInParallel = 1;
				LastSwiftUpdateCheck = 1640;
				LastUpgradeCheck = 1640;
				TargetAttributes = {
					7D3C16F32EF7F085000D2D19 = {
						CreatedOnToolsVersion = 16.4;
					};
					7D3C17022EF7F087000D2D19 = {
						CreatedOnToolsVersion = 16.4;
						TestTargetID = 7D3C16F32EF7F085000D2D19;
					};
					7D3C170C2EF7F087000D2D19 = {
						CreatedOnToolsVersion = 16.4;
						TestTargetID = 7D3C16F32EF7F085000D2D19;
					};
				};
			};
			buildConfigurationList = 7D3C16EF2EF7F085000D2D19 /* Build configuration list for PBXProject "SampoMaster" */;
			developmentRegion = en;
			hasScannedForEncodings = 0;
			knownRegions = (
				en,
				Base,
			);
			mainGroup = 7D3C16EB2EF7F085000D2D19;
			minimizedProjectReferenceProxies = 1;
			preferredProjectObjectVersion = 77;
			productRefGroup = 7D3C16F52EF7F085000D2D19 /* Products */;
			projectDirPath = "";
			projectRoot = "";
			targets = (
				7D3C16F32EF7F085000D2D19 /* SampoMaster */,
				7D3C17022EF7F087000D2D19 /* SampoMasterTests */,
				7D3C170C2EF7F087000D2D19 /* SampoMasterUITests */,
			);
		};
/* End PBXProject section */

/* Begin PBXResourcesBuildPhase section */
		7D3C16F22EF7F085000D2D19 /* Resources */ = {
			isa = PBXResourcesBuildPhase;
			buildActionMask = 2147483647;
			files = (
			);
			runOnlyForDeploymentPostprocessing = 0;
		};
		7D3C17012EF7F087000D2D19 /* Resources */ = {
			isa = PBXResourcesBuildPhase;
			buildActionMask = 2147483647;
			files = (
			);
			runOnlyForDeploymentPostprocessing = 0;
		};
		7D3C170B2EF7F087000D2D19 /* Resources */ = {
			isa = PBXResourcesBuildPhase;
			buildActionMask = 2147483647;
			files = (
			);
			runOnlyForDeploymentPostprocessing = 0;
		};
/* End PBXResourcesBuildPhase section */

/* Begin PBXSourcesBuildPhase section */
		7D3C16F02EF7F085000D2D19 /* Sources */ = {
			isa = PBXSourcesBuildPhase;
			buildActionMask = 2147483647;
			files = (
			);
			runOnlyForDeploymentPostprocessing = 0;
		};
		7D3C16FF2EF7F087000D2D19 /* Sources */ = {
			isa = PBXSourcesBuildPhase;
			buildActionMask = 2147483647;
			files = (
			);
			runOnlyForDeploymentPostprocessing = 0;
		};
		7D3C17092EF7F087000D2D19 /* Sources */ = {
			isa = PBXSourcesBuildPhase;
			buildActionMask = 2147483647;
			files = (
			);
			runOnlyForDeploymentPostprocessing = 0;
		};
/* End PBXSourcesBuildPhase section */

/* Begin PBXTargetDependency section */
		7D3C17052EF7F087000D2D19 /* PBXTargetDependency */ = {
			isa = PBXTargetDependency;
			target = 7D3C16F32EF7F085000D2D19 /* SampoMaster */;
			targetProxy = 7D3C17042EF7F087000D2D19 /* PBXContainerItemProxy */;
		};
		7D3C170F2EF7F087000D2D19 /* PBXTargetDependency */ = {
			isa = PBXTargetDependency;
			target = 7D3C16F32EF7F085000D2D19 /* SampoMaster */;
			targetProxy = 7D3C170E2EF7F087000D2D19 /* PBXContainerItemProxy */;
		};
/* End PBXTargetDependency section */

/* Begin XCBuildConfiguration section */
		7D3C17152EF7F087000D2D19 /* Debug */ = {
			isa = XCBuildConfiguration;
			buildSettings = {
				ALWAYS_SEARCH_USER_PATHS = NO;
				ASSETCATALOG_COMPILER_GENERATE_SWIFT_ASSET_SYMBOL_EXTENSIONS = YES;
				CLANG_ANALYZER_NONNULL = YES;
				CLANG_ANALYZER_NUMBER_OBJECT_CONVERSION = YES_AGGRESSIVE;
				CLANG_CXX_LANGUAGE_STANDARD = "gnu++20";
				CLANG_ENABLE_MODULES = YES;
				CLANG_ENABLE_OBJC_ARC = YES;
				CLANG_ENABLE_OBJC_WEAK = YES;
				CLANG_WARN_BLOCK_CAPTURE_AUTORELEASING = YES;
				CLANG_WARN_BOOL_CONVERSION = YES;
				CLANG_WARN_COMMA = YES;
				CLANG_WARN_CONSTANT_CONVERSION = YES;
				CLANG_WARN_DEPRECATED_OBJC_IMPLEMENTATIONS = YES;
				CLANG_WARN_DIRECT_OBJC_ISA_USAGE = YES_ERROR;
				CLANG_WARN_DOCUMENTATION_COMMENTS = YES;
				CLANG_WARN_EMPTY_BODY = YES;
				CLANG_WARN_ENUM_CONVERSION = YES;
				CLANG_WARN_INFINITE_RECURSION = YES;
				CLANG_WARN_INT_CONVERSION = YES;
				CLANG_WARN_NON_LITERAL_NULL_CONVERSION = YES;
				CLANG_WARN_OBJC_IMPLICIT_RETAIN_SELF = YES;
				CLANG_WARN_OBJC_LITERAL_CONVERSION = YES;
				CLANG_WARN_OBJC_ROOT_CLASS = YES_ERROR;
				CLANG_WARN_QUOTED_INCLUDE_IN_FRAMEWORK_HEADER = YES;
				CLANG_WARN_RANGE_LOOP_ANALYSIS = YES;
				CLANG_WARN_STRICT_PROTOTYPES = YES;
				CLANG_WARN_SUSPICIOUS_MOVE = YES;
				CLANG_WARN_UNGUARDED_AVAILABILITY = YES_AGGRESSIVE;
				CLANG_WARN_UNREACHABLE_CODE = YES;
				CLANG_WARN__DUPLICATE_METHOD_MATCH = YES;
				COPY_PHASE_STRIP = NO;
				DEBUG_INFORMATION_FORMAT = dwarf;
				DEVELOPMENT_TEAM = U7B985TU7W;
				ENABLE_STRICT_OBJC_MSGSEND = YES;
				ENABLE_TESTABILITY = YES;
				ENABLE_USER_SCRIPT_SANDBOXING = YES;
				GCC_C_LANGUAGE_STANDARD = gnu17;
				GCC_DYNAMIC_NO_PIC = NO;
				GCC_NO_COMMON_BLOCKS = YES;
				GCC_OPTIMIZATION_LEVEL = 0;
				GCC_PREPROCESSOR_DEFINITIONS = (
					"DEBUG=1",
					"$(inherited)",
				);
				GCC_WARN_64_TO_32_BIT_CONVERSION = YES;
				GCC_WARN_ABOUT_RETURN_TYPE = YES_ERROR;
				GCC_WARN_UNDECLARED_SELECTOR = YES;
				GCC_WARN_UNINITIALIZED_AUTOS = YES_AGGRESSIVE;
				GCC_WARN_UNUSED_FUNCTION = YES;
				GCC_WARN_UNUSED_VARIABLE = YES;
				IPHONEOS_DEPLOYMENT_TARGET = 18.5;
				LOCALIZATION_PREFERS_STRING_CATALOGS = YES;
				MTL_ENABLE_DEBUG_INFO = INCLUDE_SOURCE;
				MTL_FAST_MATH = YES;
				ONLY_ACTIVE_ARCH = YES;
				SDKROOT = iphoneos;
				SWIFT_ACTIVE_COMPILATION_CONDITIONS = "DEBUG $(inherited)";
				SWIFT_OPTIMIZATION_LEVEL = "-Onone";
			};
			name = Debug;
		};
		7D3C17162EF7F087000D2D19 /* Release */ = {
			isa = XCBuildConfiguration;
			buildSettings = {
				ALWAYS_SEARCH_USER_PATHS = NO;
				ASSETCATALOG_COMPILER_GENERATE_SWIFT_ASSET_SYMBOL_EXTENSIONS = YES;
				CLANG_ANALYZER_NONNULL = YES;
				CLANG_ANALYZER_NUMBER_OBJECT_CONVERSION = YES_AGGRESSIVE;
				CLANG_CXX_LANGUAGE_STANDARD = "gnu++20";
				CLANG_ENABLE_MODULES = YES;
				CLANG_ENABLE_OBJC_ARC = YES;
				CLANG_ENABLE_OBJC_WEAK = YES;
				CLANG_WARN_BLOCK_CAPTURE_AUTORELEASING = YES;
				CLANG_WARN_BOOL_CONVERSION = YES;
				CLANG_WARN_COMMA = YES;
				CLANG_WARN_CONSTANT_CONVERSION = YES;
				CLANG_WARN_DEPRECATED_OBJC_IMPLEMENTATIONS = YES;
				CLANG_WARN_DIRECT_OBJC_ISA_USAGE = YES_ERROR;
				CLANG_WARN_DOCUMENTATION_COMMENTS = YES;
				CLANG_WARN_EMPTY_BODY = YES;
				CLANG_WARN_ENUM_CONVERSION = YES;
				CLANG_WARN_INFINITE_RECURSION = YES;
				CLANG_WARN_INT_CONVERSION = YES;
				CLANG_WARN_NON_LITERAL_NULL_CONVERSION = YES;
				CLANG_WARN_OBJC_IMPLICIT_RETAIN_SELF = YES;
				CLANG_WARN_OBJC_LITERAL_CONVERSION = YES;
				CLANG_WARN_OBJC_ROOT_CLASS = YES_ERROR;
				CLANG_WARN_QUOTED_INCLUDE_IN_FRAMEWORK_HEADER = YES;
				CLANG_WARN_RANGE_LOOP_ANALYSIS = YES;
				CLANG_WARN_STRICT_PROTOTYPES = YES;
				CLANG_WARN_SUSPICIOUS_MOVE = YES;
				CLANG_WARN_UNGUARDED_AVAILABILITY = YES_AGGRESSIVE;
				CLANG_WARN_UNREACHABLE_CODE = YES;
				CLANG_WARN__DUPLICATE_METHOD_MATCH = YES;
				COPY_PHASE_STRIP = NO;
				DEBUG_INFORMATION_FORMAT = "dwarf-with-dsym";
				DEVELOPMENT_TEAM = U7B985TU7W;
				ENABLE_NS_ASSERTIONS = NO;
				ENABLE_STRICT_OBJC_MSGSEND = YES;
				ENABLE_USER_SCRIPT_SANDBOXING = YES;
				GCC_C_LANGUAGE_STANDARD = gnu17;
				GCC_NO_COMMON_BLOCKS = YES;
				GCC_WARN_64_TO_32_BIT_CONVERSION = YES;
				GCC_WARN_ABOUT_RETURN_TYPE = YES_ERROR;
				GCC_WARN_UNDECLARED_SELECTOR = YES;
				GCC_WARN_UNINITIALIZED_AUTOS = YES_AGGRESSIVE;
				GCC_WARN_UNUSED_FUNCTION = YES;
				GCC_WARN_UNUSED_VARIABLE = YES;
				IPHONEOS_DEPLOYMENT_TARGET = 18.5;
				LOCALIZATION_PREFERS_STRING_CATALOGS = YES;
				MTL_ENABLE_DEBUG_INFO = NO;
				MTL_FAST_MATH = YES;
				SDKROOT = iphoneos;
				SWIFT_COMPILATION_MODE = wholemodule;
				VALIDATE_PRODUCT = YES;
			};
			name = Release;
		};
		7D3C17182EF7F087000D2D19 /* Debug */ = {
			isa = XCBuildConfiguration;
			buildSettings = {
				ASSETCATALOG_COMPILER_APPICON_NAME = AppIcon;
				ASSETCATALOG_COMPILER_GLOBAL_ACCENT_COLOR_NAME = AccentColor;
				CODE_SIGN_ENTITLEMENTS = SampoMaster/SampoMaster.entitlements;
				CODE_SIGN_STYLE = Automatic;
				CURRENT_PROJECT_VERSION = 1;
				DEVELOPMENT_TEAM = U7B985TU7W;
				ENABLE_PREVIEWS = YES;
				GENERATE_INFOPLIST_FILE = YES;
				INFOPLIST_FILE = SampoMaster/Info.plist;
				INFOPLIST_KEY_UIApplicationSceneManifest_Generation = YES;
				INFOPLIST_KEY_UIApplicationSupportsIndirectInputEvents = YES;
				INFOPLIST_KEY_UILaunchScreen_Generation = YES;
				INFOPLIST_KEY_UISupportedInterfaceOrientations_iPad = "UIInterfaceOrientationPortrait UIInterfaceOrientationPortraitUpsideDown UIInterfaceOrientationLandscapeLeft UIInterfaceOrientationLandscapeRight";
				INFOPLIST_KEY_UISupportedInterfaceOrientations_iPhone = "UIInterfaceOrientationPortrait UIInterfaceOrientationLandscapeLeft UIInterfaceOrientationLandscapeRight";
				LD_RUNPATH_SEARCH_PATHS = (
					"$(inherited)",
					"@executable_path/Frameworks",
				);
				MARKETING_VERSION = 1.0;
				PRODUCT_BUNDLE_IDENTIFIER = com.ProjectD.SampoMaster;
				PRODUCT_NAME = "$(TARGET_NAME)";
				SWIFT_EMIT_LOC_STRINGS = YES;
				SWIFT_VERSION = 5.0;
				TARGETED_DEVICE_FAMILY = "1,2";
			};
			name = Debug;
		};
		7D3C17192EF7F087000D2D19 /* Release */ = {
			isa = XCBuildConfiguration;
			buildSettings = {
				ASSETCATALOG_COMPILER_APPICON_NAME = AppIcon;
				ASSETCATALOG_COMPILER_GLOBAL_ACCENT_COLOR_NAME = AccentColor;
				CODE_SIGN_ENTITLEMENTS = SampoMaster/SampoMaster.entitlements;
				CODE_SIGN_STYLE = Automatic;
				CURRENT_PROJECT_VERSION = 1;
				DEVELOPMENT_TEAM = U7B985TU7W;
				ENABLE_PREVIEWS = YES;
				GENERATE_INFOPLIST_FILE = YES;
				INFOPLIST_FILE = SampoMaster/Info.plist;
				INFOPLIST_KEY_UIApplicationSceneManifest_Generation = YES;
				INFOPLIST_KEY_UIApplicationSupportsIndirectInputEvents = YES;
				INFOPLIST_KEY_UILaunchScreen_Generation = YES;
				INFOPLIST_KEY_UISupportedInterfaceOrientations_iPad = "UIInterfaceOrientationPortrait UIInterfaceOrientationPortraitUpsideDown UIInterfaceOrientationLandscapeLeft UIInterfaceOrientationLandscapeRight";
				INFOPLIST_KEY_UISupportedInterfaceOrientations_iPhone = "UIInterfaceOrientationPortrait UIInterfaceOrientationLandscapeLeft UIInterfaceOrientationLandscapeRight";
				LD_RUNPATH_SEARCH_PATHS = (
					"$(inherited)",
					"@executable_path/Frameworks",
				);
				MARKETING_VERSION = 1.0;
				PRODUCT_BUNDLE_IDENTIFIER = com.ProjectD.SampoMaster;
				PRODUCT_NAME = "$(TARGET_NAME)";
				SWIFT_EMIT_LOC_STRINGS = YES;
				SWIFT_VERSION = 5.0;
				TARGETED_DEVICE_FAMILY = "1,2";
			};
			name = Release;
		};
		7D3C171B2EF7F087000D2D19 /* Debug */ = {
			isa = XCBuildConfiguration;
			buildSettings = {
				BUNDLE_LOADER = "$(TEST_HOST)";
				CODE_SIGN_STYLE = Automatic;
				CURRENT_PROJECT_VERSION = 1;
				DEVELOPMENT_TEAM = U7B985TU7W;
				GENERATE_INFOPLIST_FILE = YES;
				IPHONEOS_DEPLOYMENT_TARGET = 18.5;
				MARKETING_VERSION = 1.0;
				PRODUCT_BUNDLE_IDENTIFIER = com.ProjectD.SampoMasterTests;
				PRODUCT_NAME = "$(TARGET_NAME)";
				SWIFT_EMIT_LOC_STRINGS = NO;
				SWIFT_VERSION = 5.0;
				TARGETED_DEVICE_FAMILY = "1,2";
				TEST_HOST = "$(BUILT_PRODUCTS_DIR)/SampoMaster.app/$(BUNDLE_EXECUTABLE_FOLDER_PATH)/SampoMaster";
			};
			name = Debug;
		};
		7D3C171C2EF7F087000D2D19 /* Release */ = {
			isa = XCBuildConfiguration;
			buildSettings = {
				BUNDLE_LOADER = "$(TEST_HOST)";
				CODE_SIGN_STYLE = Automatic;
				CURRENT_PROJECT_VERSION = 1;
				DEVELOPMENT_TEAM = U7B985TU7W;
				GENERATE_INFOPLIST_FILE = YES;
				IPHONEOS_DEPLOYMENT_TARGET = 18.5;
				MARKETING_VERSION = 1.0;
				PRODUCT_BUNDLE_IDENTIFIER = com.ProjectD.SampoMasterTests;
				PRODUCT_NAME = "$(TARGET_NAME)";
				SWIFT_EMIT_LOC_STRINGS = NO;
				SWIFT_VERSION = 5.0;
				TARGETED_DEVICE_FAMILY = "1,2";
				TEST_HOST = "$(BUILT_PRODUCTS_DIR)/SampoMaster.app/$(BUNDLE_EXECUTABLE_FOLDER_PATH)/SampoMaster";
			};
			name = Release;
		};
		7D3C171E2EF7F087000D2D19 /* Debug */ = {
			isa = XCBuildConfiguration;
			buildSettings = {
				CODE_SIGN_STYLE = Automatic;
				CURRENT_PROJECT_VERSION = 1;
				DEVELOPMENT_TEAM = U7B985TU7W;
				GENERATE_INFOPLIST_FILE = YES;
				MARKETING_VERSION = 1.0;
				PRODUCT_BUNDLE_IDENTIFIER = com.ProjectD.SampoMasterUITests;
				PRODUCT_NAME = "$(TARGET_NAME)";
				SWIFT_EMIT_LOC_STRINGS = NO;
				SWIFT_VERSION = 5.0;
				TARGETED_DEVICE_FAMILY = "1,2";
				TEST_TARGET_NAME = SampoMaster;
			};
			name = Debug;
		};
		7D3C171F2EF7F087000D2D19 /* Release */ = {
			isa = XCBuildConfiguration;
			buildSettings = {
				CODE_SIGN_STYLE = Automatic;
				CURRENT_PROJECT_VERSION = 1;
				DEVELOPMENT_TEAM = U7B985TU7W;
				GENERATE_INFOPLIST_FILE = YES;
				MARKETING_VERSION = 1.0;
				PRODUCT_BUNDLE_IDENTIFIER = com.ProjectD.SampoMasterUITests;
				PRODUCT_NAME = "$(TARGET_NAME)";
				SWIFT_EMIT_LOC_STRINGS = NO;
				SWIFT_VERSION = 5.0;
				TARGETED_DEVICE_FAMILY = "1,2";
				TEST_TARGET_NAME = SampoMaster;
			};
			name = Release;
		};
/* End XCBuildConfiguration section */

/* Begin XCConfigurationList section */
		7D3C16EF2EF7F085000D2D19 /* Build configuration list for PBXProject "SampoMaster" */ = {
			isa = XCConfigurationList;
			buildConfigurations = (
				7D3C17152EF7F087000D2D19 /* Debug */,
				7D3C17162EF7F087000D2D19 /* Release */,
			);
			defaultConfigurationIsVisible = 0;
			defaultConfigurationName = Release;
		};
		7D3C17172EF7F087000D2D19 /* Build configuration list for PBXNativeTarget "SampoMaster" */ = {
			isa = XCConfigurationList;
			buildConfigurations = (
				7D3C17182EF7F087000D2D19 /* Debug */,
				7D3C17192EF7F087000D2D19 /* Release */,
			);
			defaultConfigurationIsVisible = 0;
			defaultConfigurationName = Release;
		};
		7D3C171A2EF7F087000D2D19 /* Build configuration list for PBXNativeTarget "SampoMasterTests" */ = {
			isa = XCConfigurationList;
			buildConfigurations = (
				7D3C171B2EF7F087000D2D19 /* Debug */,
				7D3C171C2EF7F087000D2D19 /* Release */,
			);
			defaultConfigurationIsVisible = 0;
			defaultConfigurationName = Release;
		};
		7D3C171D2EF7F087000D2D19 /* Build configuration list for PBXNativeTarget "SampoMasterUITests" */ = {
			isa = XCConfigurationList;
			buildConfigurations = (
				7D3C171E2EF7F087000D2D19 /* Debug */,
				7D3C171F2EF7F087000D2D19 /* Release */,
			);
			defaultConfigurationIsVisible = 0;
			defaultConfigurationName = Release;
		};
/* End XCConfigurationList section */
	};
	rootObject = 7D3C16EC2EF7F085000D2D19 /* Project object */;
}
